
Microsoft Visual Studio Solution File, Format Version 12.00
# Visual Studio Version 17
VisualStudioVersion = 17.11.35222.181
MinimumVisualStudioVersion = 10.0.40219.1
Project("{FAE04EC0-301F-11D3-BF4B-00C04F79EFBC}") = "cs-project", "cs-project\cs-project.csproj", "{9DD68C4D-BD34-4DC6-A40D-AA7221ABD246}"
EndProject
Project("{FAE04EC0-301F-11D3-BF4B-00C04F79EFBC}") = "cs-project.Core", "cs-project.Core\cs-project.Core.csproj", "{F542D53D-01F9-4132-8869-832C8FC3B2A9}"
EndProject
Project("{FAE04EC0-301F-11D3-BF4B-00C04F79EFBC}") = "cs-project.Infrastructure", "cs-project.Infrastructure\cs-project.Infrastructure.csproj", "{A054E1A4-F8AE-4F19-8393-70AE2409C3AD}"
EndProject
Project("{2150E333-8FDC-42A3-9474-1A3956D46DE8}") = "Solution Items", "Solution Items", "{8EC462FD-D22E-90A8-E5CE-7E832BA40C5D}"
	ProjectSection(SolutionItems) = preProject
		.dockerignore = .dockerignore
		.env = .env
		.gitignore = .gitignore
		k8s\api.yml = k8s\api.yml
		.github\workflows\ci.yml = .github\workflows\ci.yml
		k8s\deployment.yml = k8s\deployment.yml
		.github\workflows\docker-ci.yml = .github\workflows\docker-ci.yml
		docker-compose.prod.yml = docker-compose.prod.yml
		docker-compose.yml = docker-compose.yml
		k8s\mssql-pv.yml = k8s\mssql-pv.yml
		k8s\mssql.yml = k8s\mssql.yml
		.github\workflows\release.yml = .github\workflows\release.yml
	EndProjectSection
EndProject
Project("{FAE04EC0-301F-11D3-BF4B-00C04F79EFBC}") = "cs-project.Tests", "cs-project.Tests\cs-project.Tests.csproj", "{1E3C6ED7-02FD-43C1-9F11-6CB2F06180F7}"
EndProject
Global
	GlobalSection(SolutionConfigurationPlatforms) = preSolution
		Debug|Any CPU = Debug|Any CPU
		Release|Any CPU = Release|Any CPU
	EndGlobalSection
	GlobalSection(ProjectConfigurationPlatforms) = postSolution
		{9DD68C4D-BD34-4DC6-A40D-AA7221ABD246}.Debug|Any CPU.ActiveCfg = Debug|Any CPU
		{9DD68C4D-BD34-4DC6-A40D-AA7221ABD246}.Debug|Any CPU.Build.0 = Debug|Any CPU
		{9DD68C4D-BD34-4DC6-A40D-AA7221ABD246}.Release|Any CPU.ActiveCfg = Release|Any CPU
		{9DD68C4D-BD34-4DC6-A40D-AA7221ABD246}.Release|Any CPU.Build.0 = Release|Any CPU
		{F542D53D-01F9-4132-8869-832C8FC3B2A9}.Debug|Any CPU.ActiveCfg = Debug|Any CPU
		{F542D53D-01F9-4132-8869-832C8FC3B2A9}.Debug|Any CPU.Build.0 = Debug|Any CPU
		{F542D53D-01F9-4132-8869-832C8FC3B2A9}.Release|Any CPU.ActiveCfg = Release|Any CPU
		{F542D53D-01F9-4132-8869-832C8FC3B2A9}.Release|Any CPU.Build.0 = Release|Any CPU
		{A054E1A4-F8AE-4F19-8393-70AE2409C3AD}.Debug|Any CPU.ActiveCfg = Debug|Any CPU
		{A054E1A4-F8AE-4F19-8393-70AE2409C3AD}.Debug|Any CPU.Build.0 = Debug|Any CPU
		{A054E1A4-F8AE-4F19-8393-70AE2409C3AD}.Release|Any CPU.ActiveCfg = Release|Any CPU
		{A054E1A4-F8AE-4F19-8393-70AE2409C3AD}.Release|Any CPU.Build.0 = Release|Any CPU
		{1E3C6ED7-02FD-43C1-9F11-6CB2F06180F7}.Debug|Any CPU.ActiveCfg = Debug|Any CPU
		{1E3C6ED7-02FD-43C1-9F11-6CB2F06180F7}.Debug|Any CPU.Build.0 = Debug|Any CPU
		{1E3C6ED7-02FD-43C1-9F11-6CB2F06180F7}.Release|Any CPU.ActiveCfg = Release|Any CPU
		{1E3C6ED7-02FD-43C1-9F11-6CB2F06180F7}.Release|Any CPU.Build.0 = Release|Any CPU
	EndGlobalSection
	GlobalSection(SolutionProperties) = preSolution
		HideSolutionNode = FALSE
	EndGlobalSection
	GlobalSection(ExtensibilityGlobals) = postSolution
		SolutionGuid = {8B380E97-AA57-4F7D-A356-F7A208B47702}
	EndGlobalSection
EndGlobal
